
Microsoft Visual Studio Solution File, Format Version 12.00
# Visual Studio Version 16
VisualStudioVersion = 16.0.29411.108
MinimumVisualStudioVersion = 10.0.40219.1
Project("{FAE04EC0-301F-11D3-BF4B-00C04F79EFBC}") = "CryptoService", "CryptoService\CryptoService.csproj", "{30D0C802-A831-4DF8-9A7B-E0F4DBCF27BD}"
EndProject
Global
	GlobalSection(SolutionConfigurationPlatforms) = preSolution
		Debug|Any CPU = Debug|Any CPU
		Release|Any CPU = Release|Any CPU
	EndGlobalSection
	GlobalSection(ProjectConfigurationPlatforms) = postSolution
		{30D0C802-A831-4DF8-9A7B-E0F4DBCF27BD}.Debug|Any CPU.ActiveCfg = Debug|Any CPU
		{30D0C802-A831-4DF8-9A7B-E0F4DBCF27BD}.Debug|Any CPU.Build.0 = Debug|Any CPU
		{30D0C802-A831-4DF8-9A7B-E0F4DBCF27BD}.Release|Any CPU.ActiveCfg = Release|Any CPU
		{30D0C802-A831-4DF8-9A7B-E0F4DBCF27BD}.Release|Any CPU.Build.0 = Release|Any CPU
	EndGlobalSection
	GlobalSection(SolutionProperties) = preSolution
		HideSolutionNode = FALSE
	EndGlobalSection
	GlobalSection(ExtensibilityGlobals) = postSolution
		SolutionGuid = {5FF8D34A-EE8D-4AC3-9F8F-4D47E8016D75}
	EndGlobalSection
EndGlobal
